// !$*UTF8*$!
{
	archiveVersion = 1;
	classes = {
	};
	objectVersion = 46;
	objects = {

/* Begin PBXBuildFile section */
		9EE648431ABB63A300FC08AC /* AppDelegate.swift in Sources */ = {isa = PBXBuildFile; fileRef = 9EE648421ABB63A300FC08AC /* AppDelegate.swift */; };
		9EE648451ABB63A300FC08AC /* ViewController.swift in Sources */ = {isa = PBXBuildFile; fileRef = 9EE648441ABB63A300FC08AC /* ViewController.swift */; };
		9EE648481ABB63A300FC08AC /* Main.storyboard in Resources */ = {isa = PBXBuildFile; fileRef = 9EE648461ABB63A300FC08AC /* Main.storyboard */; };
		9EE6484A1ABB63A300FC08AC /* Images.xcassets in Resources */ = {isa = PBXBuildFile; fileRef = 9EE648491ABB63A300FC08AC /* Images.xcassets */; };
		9EE6484D1ABB63A300FC08AC /* LaunchScreen.xib in Resources */ = {isa = PBXBuildFile; fileRef = 9EE6484B1ABB63A300FC08AC /* LaunchScreen.xib */; };
		9EE648591ABB63A300FC08AC /* TipCalculatorTests.swift in Sources */ = {isa = PBXBuildFile; fileRef = 9EE648581ABB63A300FC08AC /* TipCalculatorTests.swift */; };
		9EE648631ABB659A00FC08AC /* TipCalculatorModel.swift in Sources */ = {isa = PBXBuildFile; fileRef = 9EE648621ABB659A00FC08AC /* TipCalculatorModel.swift */; };
/* End PBXBuildFile section */

/* Begin PBXContainerItemProxy section */
		9EE648531ABB63A300FC08AC /* PBXContainerItemProxy */ = {
			isa = PBXContainerItemProxy;
			containerPortal = 9EE648351ABB63A300FC08AC /* Project object */;
			proxyType = 1;
			remoteGlobalIDString = 9EE6483C1ABB63A300FC08AC;
			remoteInfo = TipCalculator;
		};
/* End PBXContainerItemProxy section */

/* Begin PBXFileReference section */
		9EE6483D1ABB63A300FC08AC /* TipCalculator.app */ = {isa = PBXFileReference; explicitFileType = wrapper.application; includeInIndex = 0; path = TipCalculator.app; sourceTree = BUILT_PRODUCTS_DIR; };
		9EE648411ABB63A300FC08AC /* Info.plist */ = {isa = PBXFileReference; lastKnownFileType = text.plist.xml; path = Info.plist; sourceTree = "<group>"; };
		9EE648421ABB63A300FC08AC /* AppDelegate.swift */ = {isa = PBXFileReference; lastKnownFileType = sourcecode.swift; path = AppDelegate.swift; sourceTree = "<group>"; };
		9EE648441ABB63A300FC08AC /* ViewController.swift */ = {isa = PBXFileReference; lastKnownFileType = sourcecode.swift; path = ViewController.swift; sourceTree = "<group>"; };
		9EE648471ABB63A300FC08AC /* Base */ = {isa = PBXFileReference; lastKnownFileType = file.storyboard; name = Base; path = Base.lproj/Main.storyboard; sourceTree = "<group>"; };
		9EE648491ABB63A300FC08AC /* Images.xcassets */ = {isa = PBXFileReference; lastKnownFileType = folder.assetcatalog; path = Images.xcassets; sourceTree = "<group>"; };
		9EE6484C1ABB63A300FC08AC /* Base */ = {isa = PBXFileReference; lastKnownFileType = file.xib; name = Base; path = Base.lproj/LaunchScreen.xib; sourceTree = "<group>"; };
		9EE648521ABB63A300FC08AC /* TipCalculatorTests.xctest */ = {isa = PBXFileReference; explicitFileType = wrapper.cfbundle; includeInIndex = 0; path = TipCalculatorTests.xctest; sourceTree = BUILT_PRODUCTS_DIR; };
		9EE648571ABB63A300FC08AC /* Info.plist */ = {isa = PBXFileReference; lastKnownFileType = text.plist.xml; path = Info.plist; sourceTree = "<group>"; };
		9EE648581ABB63A300FC08AC /* TipCalculatorTests.swift */ = {isa = PBXFileReference; lastKnownFileType = sourcecode.swift; path = TipCalculatorTests.swift; sourceTree = "<group>"; };
		9EE648621ABB659A00FC08AC /* TipCalculatorModel.swift */ = {isa = PBXFileReference; fileEncoding = 4; lastKnownFileType = sourcecode.swift; path = TipCalculatorModel.swift; sourceTree = "<group>"; };
/* End PBXFileReference section */

/* Begin PBXFrameworksBuildPhase section */
		9EE6483A1ABB63A300FC08AC /* Frameworks */ = {
			isa = PBXFrameworksBuildPhase;
			buildActionMask = 2147483647;
			files = (
			);
			runOnlyForDeploymentPostprocessing = 0;
		};
		9EE6484F1ABB63A300FC08AC /* Frameworks */ = {
			isa = PBXFrameworksBuildPhase;
			buildActionMask = 2147483647;
			files = (
			);
			runOnlyForDeploymentPostprocessing = 0;
		};
/* End PBXFrameworksBuildPhase section */

/* Begin PBXGroup section */
		9EE648341ABB63A300FC08AC = {
			isa = PBXGroup;
			children = (
				9EE6483F1ABB63A300FC08AC /* TipCalculator */,
				9EE648551ABB63A300FC08AC /* TipCalculatorTests */,
				9EE6483E1ABB63A300FC08AC /* Products */,
			);
			sourceTree = "<group>";
		};
		9EE6483E1ABB63A300FC08AC /* Products */ = {
			isa = PBXGroup;
			children = (
				9EE6483D1ABB63A300FC08AC /* TipCalculator.app */,
				9EE648521ABB63A300FC08AC /* TipCalculatorTests.xctest */,
			);
			name = Products;
			sourceTree = "<group>";
		};
		9EE6483F1ABB63A300FC08AC /* TipCalculator */ = {
			isa = PBXGroup;
			children = (
				9EE648421ABB63A300FC08AC /* AppDelegate.swift */,
				9EE648621ABB659A00FC08AC /* TipCalculatorModel.swift */,
				9EE648441ABB63A300FC08AC /* ViewController.swift */,
				9EE648461ABB63A300FC08AC /* Main.storyboard */,
				9EE648491ABB63A300FC08AC /* Images.xcassets */,
				9EE6484B1ABB63A300FC08AC /* LaunchScreen.xib */,
				9EE648401ABB63A300FC08AC /* Supporting Files */,
			);
			path = TipCalculator;
			sourceTree = "<group>";
		};
		9EE648401ABB63A300FC08AC /* Supporting Files */ = {
			isa = PBXGroup;
			children = (
				9EE648411ABB63A300FC08AC /* Info.plist */,
			);
			name = "Supporting Files";
			sourceTree = "<group>";
		};
		9EE648551ABB63A300FC08AC /* TipCalculatorTests */ = {
			isa = PBXGroup;
			children = (
				9EE648581ABB63A300FC08AC /* TipCalculatorTests.swift */,
				9EE648561ABB63A300FC08AC /* Supporting Files */,
			);
			path = TipCalculatorTests;
			sourceTree = "<group>";
		};
		9EE648561ABB63A300FC08AC /* Supporting Files */ = {
			isa = PBXGroup;
			children = (
				9EE648571ABB63A300FC08AC /* Info.plist */,
			);
			name = "Supporting Files";
			sourceTree = "<group>";
		};
/* End PBXGroup section */

/* Begin PBXNativeTarget section */
		9EE6483C1ABB63A300FC08AC /* TipCalculator */ = {
			isa = PBXNativeTarget;
			buildConfigurationList = 9EE6485C1ABB63A300FC08AC /* Build configuration list for PBXNativeTarget "TipCalculator" */;
			buildPhases = (
				9EE648391ABB63A300FC08AC /* Sources */,
				9EE6483A1ABB63A300FC08AC /* Frameworks */,
				9EE6483B1ABB63A300FC08AC /* Resources */,
			);
			buildRules = (
			);
			dependencies = (
			);
			name = TipCalculator;
			productName = TipCalculator;
			productReference = 9EE6483D1ABB63A300FC08AC /* TipCalculator.app */;
			productType = "com.apple.product-type.application";
		};
		9EE648511ABB63A300FC08AC /* TipCalculatorTests */ = {
			isa = PBXNativeTarget;
			buildConfigurationList = 9EE6485F1ABB63A300FC08AC /* Build configuration list for PBXNativeTarget "TipCalculatorTests" */;
			buildPhases = (
				9EE6484E1ABB63A300FC08AC /* Sources */,
				9EE6484F1ABB63A300FC08AC /* Frameworks */,
				9EE648501ABB63A300FC08AC /* Resources */,
			);
			buildRules = (
			);
			dependencies = (
				9EE648541ABB63A300FC08AC /* PBXTargetDependency */,
			);
			name = TipCalculatorTests;
			productName = TipCalculatorTests;
			productReference = 9EE648521ABB63A300FC08AC /* TipCalculatorTests.xctest */;
			productType = "com.apple.product-type.bundle.unit-test";
		};
/* End PBXNativeTarget section */

/* Begin PBXProject section */
		9EE648351ABB63A300FC08AC /* Project object */ = {
			isa = PBXProject;
			attributes = {
				LastUpgradeCheck = 0610;
				ORGANIZATIONNAME = "Jamie Patel";
				TargetAttributes = {
					9EE6483C1ABB63A300FC08AC = {
						CreatedOnToolsVersion = 6.1.1;
					};
					9EE648511ABB63A300FC08AC = {
						CreatedOnToolsVersion = 6.1.1;
						TestTargetID = 9EE6483C1ABB63A300FC08AC;
					};
				};
			};
			buildConfigurationList = 9EE648381ABB63A300FC08AC /* Build configuration list for PBXProject "TipCalculator" */;
			compatibilityVersion = "Xcode 3.2";
			developmentRegion = English;
			hasScannedForEncodings = 0;
			knownRegions = (
				en,
				Base,
			);
			mainGroup = 9EE648341ABB63A300FC08AC;
			productRefGroup = 9EE6483E1ABB63A300FC08AC /* Products */;
			projectDirPath = "";
			projectRoot = "";
			targets = (
				9EE6483C1ABB63A300FC08AC /* TipCalculator */,
				9EE648511ABB63A300FC08AC /* TipCalculatorTests */,
			);
		};
/* End PBXProject section */

/* Begin PBXResourcesBuildPhase section */
		9EE6483B1ABB63A300FC08AC /* Resources */ = {
			isa = PBXResourcesBuildPhase;
			buildActionMask = 2147483647;
			files = (
				9EE648481ABB63A300FC08AC /* Main.storyboard in Resources */,
				9EE6484D1ABB63A300FC08AC /* LaunchScreen.xib in Resources */,
				9EE6484A1ABB63A300FC08AC /* Images.xcassets in Resources */,
			);
			runOnlyForDeploymentPostprocessing = 0;
		};
		9EE648501ABB63A300FC08AC /* Resources */ = {
			isa = PBXResourcesBuildPhase;
			buildActionMask = 2147483647;
			files = (
			);
			runOnlyForDeploymentPostprocessing = 0;
		};
/* End PBXResourcesBuildPhase section */

/* Begin PBXSourcesBuildPhase section */
		9EE648391ABB63A300FC08AC /* Sources */ = {
			isa = PBXSourcesBuildPhase;
			buildActionMask = 2147483647;
			files = (
				9EE648631ABB659A00FC08AC /* TipCalculatorModel.swift in Sources */,
				9EE648451ABB63A300FC08AC /* ViewController.swift in Sources */,
				9EE648431ABB63A300FC08AC /* AppDelegate.swift in Sources */,
			);
			runOnlyForDeploymentPostprocessing = 0;
		};
		9EE6484E1ABB63A300FC08AC /* Sources */ = {
			isa = PBXSourcesBuildPhase;
			buildActionMask = 2147483647;
			files = (
				9EE648591ABB63A300FC08AC /* TipCalculatorTests.swift in Sources */,
			);
			runOnlyForDeploymentPostprocessing = 0;
		};
/* End PBXSourcesBuildPhase section */

/* Begin PBXTargetDependency section */
		9EE648541ABB63A300FC08AC /* PBXTargetDependency */ = {
			isa = PBXTargetDependency;
			target = 9EE6483C1ABB63A300FC08AC /* TipCalculator */;
			targetProxy = 9EE648531ABB63A300FC08AC /* PBXContainerItemProxy */;
		};
/* End PBXTargetDependency section */

/* Begin PBXVariantGroup section */
		9EE648461ABB63A300FC08AC /* Main.storyboard */ = {
			isa = PBXVariantGroup;
			children = (
				9EE648471ABB63A300FC08AC /* Base */,
			);
			name = Main.storyboard;
			sourceTree = "<group>";
		};
		9EE6484B1ABB63A300FC08AC /* LaunchScreen.xib */ = {
			isa = PBXVariantGroup;
			children = (
				9EE6484C1ABB63A300FC08AC /* Base */,
			);
			name = LaunchScreen.xib;
			sourceTree = "<group>";
		};
/* End PBXVariantGroup section */

/* Begin XCBuildConfiguration section */
		9EE6485A1ABB63A300FC08AC /* Debug */ = {
			isa = XCBuildConfiguration;
			buildSettings = {
				ALWAYS_SEARCH_USER_PATHS = NO;
				CLANG_CXX_LANGUAGE_STANDARD = "gnu++0x";
				CLANG_CXX_LIBRARY = "libc++";
				CLANG_ENABLE_MODULES = YES;
				CLANG_ENABLE_OBJC_ARC = YES;
				CLANG_WARN_BOOL_CONVERSION = YES;
				CLANG_WARN_CONSTANT_CONVERSION = YES;
				CLANG_WARN_DIRECT_OBJC_ISA_USAGE = YES_ERROR;
				CLANG_WARN_EMPTY_BODY = YES;
				CLANG_WARN_ENUM_CONVERSION = YES;
				CLANG_WARN_INT_CONVERSION = YES;
				CLANG_WARN_OBJC_ROOT_CLASS = YES_ERROR;
				CLANG_WARN_UNREACHABLE_CODE = YES;
				CLANG_WARN__DUPLICATE_METHOD_MATCH = YES;
				"CODE_SIGN_IDENTITY[sdk=iphoneos*]" = "iPhone Developer";
				COPY_PHASE_STRIP = NO;
				ENABLE_STRICT_OBJC_MSGSEND = YES;
				GCC_C_LANGUAGE_STANDARD = gnu99;
				GCC_DYNAMIC_NO_PIC = NO;
				GCC_OPTIMIZATION_LEVEL = 0;
				GCC_PREPROCESSOR_DEFINITIONS = (
					"DEBUG=1",
					"$(inherited)",
				);
				GCC_SYMBOLS_PRIVATE_EXTERN = NO;
				GCC_WARN_64_TO_32_BIT_CONVERSION = YES;
				GCC_WARN_ABOUT_RETURN_TYPE = YES_ERROR;
				GCC_WARN_UNDECLARED_SELECTOR = YES;
				GCC_WARN_UNINITIALIZED_AUTOS = YES_AGGRESSIVE;
				GCC_WARN_UNUSED_FUNCTION = YES;
				GCC_WARN_UNUSED_VARIABLE = YES;
				IPHONEOS_DEPLOYMENT_TARGET = 8.1;
				MTL_ENABLE_DEBUG_INFO = YES;
				ONLY_ACTIVE_ARCH = YES;
				SDKROOT = iphoneos;
				SWIFT_OPTIMIZATION_LEVEL = "-Onone";
			};
			name = Debug;
		};
		9EE6485B1ABB63A300FC08AC /* Release */ = {
			isa = XCBuildConfiguration;
			buildSettings = {
				ALWAYS_SEARCH_USER_PATHS = NO;
				CLANG_CXX_LANGUAGE_STANDARD = "gnu++0x";
				CLANG_CXX_LIBRARY = "libc++";
				CLANG_ENABLE_MODULES = YES;
				CLANG_ENABLE_OBJC_ARC = YES;
				CLANG_WARN_BOOL_CONVERSION = YES;
				CLANG_WARN_CONSTANT_CONVERSION = YES;
				CLANG_WARN_DIRECT_OBJC_ISA_USAGE = YES_ERROR;
				CLANG_WARN_EMPTY_BODY = YES;
				CLANG_WARN_ENUM_CONVERSION = YES;
				CLANG_WARN_INT_CONVERSION = YES;
				CLANG_WARN_OBJC_ROOT_CLASS = YES_ERROR;
				CLANG_WARN_UNREACHABLE_CODE = YES;
				CLANG_WARN__DUPLICATE_METHOD_MATCH = YES;
				"CODE_SIGN_IDENTITY[sdk=iphoneos*]" = "iPhone Developer";
				COPY_PHASE_STRIP = YES;
				ENABLE_NS_ASSERTIONS = NO;
				ENABLE_STRICT_OBJC_MSGSEND = YES;
				GCC_C_LANGUAGE_STANDARD = gnu99;
				GCC_WARN_64_TO_32_BIT_CONVERSION = YES;
				GCC_WARN_ABOUT_RETURN_TYPE = YES_ERROR;
				GCC_WARN_UNDECLARED_SELECTOR = YES;
				GCC_WARN_UNINITIALIZED_AUTOS = YES_AGGRESSIVE;
				GCC_WARN_UNUSED_FUNCTION = YES;
				GCC_WARN_UNUSED_VARIABLE = YES;
				IPHONEOS_DEPLOYMENT_TARGET = 8.1;
				MTL_ENABLE_DEBUG_INFO = NO;
				SDKROOT = iphoneos;
				VALIDATE_PRODUCT = YES;
			};
			name = Release;
		};
		9EE6485D1ABB63A300FC08AC /* Debug */ = {
			isa = XCBuildConfiguration;
			buildSettings = {
				ASSETCATALOG_COMPILER_APPICON_NAME = AppIcon;
				INFOPLIST_FILE = TipCalculator/Info.plist;
				LD_RUNPATH_SEARCH_PATHS = "$(inherited) @executable_path/Frameworks";
				PRODUCT_NAME = "$(TARGET_NAME)";
			};
			name = Debug;
		};
		9EE6485E1ABB63A300FC08AC /* Release */ = {
			isa = XCBuildConfiguration;
			buildSettings = {
				ASSETCATALOG_COMPILER_APPICON_NAME = AppIcon;
				INFOPLIST_FILE = TipCalculator/Info.plist;
				LD_RUNPATH_SEARCH_PATHS = "$(inherited) @executable_path/Frameworks";
				PRODUCT_NAME = "$(TARGET_NAME)";
			};
			name = Release;
		};
		9EE648601ABB63A300FC08AC /* Debug */ = {
			isa = XCBuildConfiguration;
			buildSettings = {
				BUNDLE_LOADER = "$(TEST_HOST)";
				FRAMEWORK_SEARCH_PATHS = (
					"$(SDKROOT)/Developer/Library/Frameworks",
					"$(inherited)",
				);
				GCC_PREPROCESSOR_DEFINITIONS = (
					"DEBUG=1",
					"$(inherited)",
				);
				INFOPLIST_FILE = TipCalculatorTests/Info.plist;
				LD_RUNPATH_SEARCH_PATHS = "$(inherited) @executable_path/Frameworks @loader_path/Frameworks";
				PRODUCT_NAME = "$(TARGET_NAME)";
				TEST_HOST = "$(BUILT_PRODUCTS_DIR)/TipCalculator.app/TipCalculator";
			};
			name = Debug;
		};
		9EE648611ABB63A300FC08AC /* Release */ = {
			isa = XCBuildConfiguration;
			buildSettings = {
				BUNDLE_LOADER = "$(TEST_HOST)";
				FRAMEWORK_SEARCH_PATHS = (
					"$(SDKROOT)/Developer/Library/Frameworks",
					"$(inherited)",
				);
				INFOPLIST_FILE = TipCalculatorTests/Info.plist;
				LD_RUNPATH_SEARCH_PATHS = "$(inherited) @executable_path/Frameworks @loader_path/Frameworks";
				PRODUCT_NAME = "$(TARGET_NAME)";
				TEST_HOST = "$(BUILT_PRODUCTS_DIR)/TipCalculator.app/TipCalculator";
			};
			name = Release;
		};
/* End XCBuildConfiguration section */

/* Begin XCConfigurationList section */
		9EE648381ABB63A300FC08AC /* Build configuration list for PBXProject "TipCalculator" */ = {
			isa = XCConfigurationList;
			buildConfigurations = (
				9EE6485A1ABB63A300FC08AC /* Debug */,
				9EE6485B1ABB63A300FC08AC /* Release */,
			);
			defaultConfigurationIsVisible = 0;
			defaultConfigurationName = Release;
		};
		9EE6485C1ABB63A300FC08AC /* Build configuration list for PBXNativeTarget "TipCalculator" */ = {
			isa = XCConfigurationList;
			buildConfigurations = (
				9EE6485D1ABB63A300FC08AC /* Debug */,
				9EE6485E1ABB63A300FC08AC /* Release */,
			);
			defaultConfigurationIsVisible = 0;
		};
		9EE6485F1ABB63A300FC08AC /* Build configuration list for PBXNativeTarget "TipCalculatorTests" */ = {
			isa = XCConfigurationList;
			buildConfigurations = (
				9EE648601ABB63A300FC08AC /* Debug */,
				9EE648611ABB63A300FC08AC /* Release */,
			);
			defaultConfigurationIsVisible = 0;
		};
/* End XCConfigurationList section */
	};
	rootObject = 9EE648351ABB63A300FC08AC /* Project object */;
}
